
Microsoft Visual Studio Solution File, Format Version 12.00
# Visual Studio 15
Project("{FAE04EC0-301F-11D3-BF4B-00C04F79EFBC}") = "UniRx", "UniRx.csproj", "{30EE8CAB-9387-3088-4AE1-F489FD1DD19E}"
EndProject
Project("{FAE04EC0-301F-11D3-BF4B-00C04F79EFBC}") = "CARVES", "CARVES.csproj", "{DFCB5959-8B7D-A7F2-4519-FA0396E397E5}"
EndProject
Project("{FAE04EC0-301F-11D3-BF4B-00C04F79EFBC}") = "Assembly-CSharp", "Assembly-CSharp.csproj", "{9C8B248E-A639-8382-BF73-6BF03AADFA60}"
EndProject
Project("{FAE04EC0-301F-11D3-BF4B-00C04F79EFBC}") = "UniTask", "UniTask.csproj", "{53724897-3A38-F744-7F48-1E0E226C1CE5}"
EndProject
Project("{FAE04EC0-301F-11D3-BF4B-00C04F79EFBC}") = "VHierarchy", "VHierarchy.csproj", "{DCBDEE13-FF85-EA1E-D237-7E1C1427858A}"
EndProject
Project("{FAE04EC0-301F-11D3-BF4B-00C04F79EFBC}") = "Assembly-CSharp-Editor", "Assembly-CSharp-Editor.csproj", "{1EFC0FC0-DD65-5757-B404-92CCEBD5EF8D}"
EndProject
Project("{FAE04EC0-301F-11D3-BF4B-00C04F79EFBC}") = "UniTask.Linq", "UniTask.Linq.csproj", "{535376DE-1873-9E5A-F0EF-362A3C8DE79D}"
EndProject
Project("{FAE04EC0-301F-11D3-BF4B-00C04F79EFBC}") = "VTabs", "VTabs.csproj", "{E734B6A6-C66A-BB94-8EFE-145501ADC72F}"
EndProject
Project("{FAE04EC0-301F-11D3-BF4B-00C04F79EFBC}") = "CARVES.Editor", "CARVES.Editor.csproj", "{2BB44DAF-E4A3-1DCD-1912-6FCF1528F60D}"
EndProject
Project("{FAE04EC0-301F-11D3-BF4B-00C04F79EFBC}") = "VFolders", "VFolders.csproj", "{47A424A5-A42F-E12F-B730-D90A5767A352}"
EndProject
Project("{FAE04EC0-301F-11D3-BF4B-00C04F79EFBC}") = "UniTask.Addressables", "UniTask.Addressables.csproj", "{0059993E-0192-45F3-91A6-0CB895A84EF0}"
EndProject
Project("{FAE04EC0-301F-11D3-BF4B-00C04F79EFBC}") = "UniRx.Examples", "UniRx.Examples.csproj", "{7B7423FA-4180-AE67-367C-D06F3A35B031}"
EndProject
Project("{FAE04EC0-301F-11D3-BF4B-00C04F79EFBC}") = "CARVES.Shared", "CARVES.Shared.csproj", "{53473CF4-6875-9066-5932-BAAFBD54DCE4}"
EndProject
Project("{FAE04EC0-301F-11D3-BF4B-00C04F79EFBC}") = "UniTask.TextMeshPro", "UniTask.TextMeshPro.csproj", "{A8CA8C4B-B679-1D29-4AEE-515EEC4EC716}"
EndProject
Project("{FAE04EC0-301F-11D3-BF4B-00C04F79EFBC}") = "Sirenix.OdinInspector.Modules.Unity.Addressables", "Sirenix.OdinInspector.Modules.Unity.Addressables.csproj", "{1AC12E6E-5689-EC71-CF66-72B11B8A51D4}"
EndProject
Project("{FAE04EC0-301F-11D3-BF4B-00C04F79EFBC}") = "VInspector", "VInspector.csproj", "{94A9BE5E-A443-AE71-B613-FB9D728B2670}"
EndProject
Project("{FAE04EC0-301F-11D3-BF4B-00C04F79EFBC}") = "UniTask.Editor", "UniTask.Editor.csproj", "{B134F00E-52AB-8666-4765-8B67021D7193}"
EndProject
Project("{FAE04EC0-301F-11D3-BF4B-00C04F79EFBC}") = "Sirenix.OdinInspector.Modules.UnityMathematics", "Sirenix.OdinInspector.Modules.UnityMathematics.csproj", "{4821F863-9061-581D-0895-78110F517D90}"
EndProject
Project("{FAE04EC0-301F-11D3-BF4B-00C04F79EFBC}") = "UniTask.DOTween", "UniTask.DOTween.csproj", "{D8CFEA75-DCEB-3F12-B00A-C12A4714B810}"
EndProject
Project("{FAE04EC0-301F-11D3-BF4B-00C04F79EFBC}") = "CARVES.Records", "CARVES.Records.csproj", "{1868CB15-9546-EF05-39FF-30B952E96CAC}"
EndProject
Project("{FAE04EC0-301F-11D3-BF4B-00C04F79EFBC}") = "CARVES.View", "CARVES.View.csproj", "{9633E30D-AF34-B130-9614-32A26F48B44D}"
EndProject
Project("{FAE04EC0-301F-11D3-BF4B-00C04F79EFBC}") = "Assembly-CSharp-firstpass", "Assembly-CSharp-firstpass.csproj", "{D2121C3C-9BDF-9F31-52DE-D7B239008574}"
EndProject
Global
	GlobalSection(SolutionConfigurationPlatforms) = preSolution
		Debug|Any CPU = Debug|Any CPU
		Release|Any CPU = Release|Any CPU
	EndGlobalSection
	GlobalSection(ProjectConfigurationPlatforms) = postSolution
		{30EE8CAB-9387-3088-4AE1-F489FD1DD19E}.Debug|Any CPU.ActiveCfg = Debug|Any CPU
		{30EE8CAB-9387-3088-4AE1-F489FD1DD19E}.Debug|Any CPU.Build.0 = Debug|Any CPU
		{30EE8CAB-9387-3088-4AE1-F489FD1DD19E}.Release|Any CPU.ActiveCfg = Release|Any CPU
		{30EE8CAB-9387-3088-4AE1-F489FD1DD19E}.Release|Any CPU.Build.0 = Release|Any CPU
		{DFCB5959-8B7D-A7F2-4519-FA0396E397E5}.Debug|Any CPU.ActiveCfg = Debug|Any CPU
		{DFCB5959-8B7D-A7F2-4519-FA0396E397E5}.Debug|Any CPU.Build.0 = Debug|Any CPU
		{DFCB5959-8B7D-A7F2-4519-FA0396E397E5}.Release|Any CPU.ActiveCfg = Release|Any CPU
		{DFCB5959-8B7D-A7F2-4519-FA0396E397E5}.Release|Any CPU.Build.0 = Release|Any CPU
		{9C8B248E-A639-8382-BF73-6BF03AADFA60}.Debug|Any CPU.ActiveCfg = Debug|Any CPU
		{9C8B248E-A639-8382-BF73-6BF03AADFA60}.Debug|Any CPU.Build.0 = Debug|Any CPU
		{9C8B248E-A639-8382-BF73-6BF03AADFA60}.Release|Any CPU.ActiveCfg = Release|Any CPU
		{9C8B248E-A639-8382-BF73-6BF03AADFA60}.Release|Any CPU.Build.0 = Release|Any CPU
		{53724897-3A38-F744-7F48-1E0E226C1CE5}.Debug|Any CPU.ActiveCfg = Debug|Any CPU
		{53724897-3A38-F744-7F48-1E0E226C1CE5}.Debug|Any CPU.Build.0 = Debug|Any CPU
		{53724897-3A38-F744-7F48-1E0E226C1CE5}.Release|Any CPU.ActiveCfg = Release|Any CPU
		{53724897-3A38-F744-7F48-1E0E226C1CE5}.Release|Any CPU.Build.0 = Release|Any CPU
		{DCBDEE13-FF85-EA1E-D237-7E1C1427858A}.Debug|Any CPU.ActiveCfg = Debug|Any CPU
		{DCBDEE13-FF85-EA1E-D237-7E1C1427858A}.Debug|Any CPU.Build.0 = Debug|Any CPU
		{DCBDEE13-FF85-EA1E-D237-7E1C1427858A}.Release|Any CPU.ActiveCfg = Release|Any CPU
		{DCBDEE13-FF85-EA1E-D237-7E1C1427858A}.Release|Any CPU.Build.0 = Release|Any CPU
		{1EFC0FC0-DD65-5757-B404-92CCEBD5EF8D}.Debug|Any CPU.ActiveCfg = Debug|Any CPU
		{1EFC0FC0-DD65-5757-B404-92CCEBD5EF8D}.Debug|Any CPU.Build.0 = Debug|Any CPU
		{1EFC0FC0-DD65-5757-B404-92CCEBD5EF8D}.Release|Any CPU.ActiveCfg = Release|Any CPU
		{1EFC0FC0-DD65-5757-B404-92CCEBD5EF8D}.Release|Any CPU.Build.0 = Release|Any CPU
		{535376DE-1873-9E5A-F0EF-362A3C8DE79D}.Debug|Any CPU.ActiveCfg = Debug|Any CPU
		{535376DE-1873-9E5A-F0EF-362A3C8DE79D}.Debug|Any CPU.Build.0 = Debug|Any CPU
		{535376DE-1873-9E5A-F0EF-362A3C8DE79D}.Release|Any CPU.ActiveCfg = Release|Any CPU
		{535376DE-1873-9E5A-F0EF-362A3C8DE79D}.Release|Any CPU.Build.0 = Release|Any CPU
		{E734B6A6-C66A-BB94-8EFE-145501ADC72F}.Debug|Any CPU.ActiveCfg = Debug|Any CPU
		{E734B6A6-C66A-BB94-8EFE-145501ADC72F}.Debug|Any CPU.Build.0 = Debug|Any CPU
		{E734B6A6-C66A-BB94-8EFE-145501ADC72F}.Release|Any CPU.ActiveCfg = Release|Any CPU
		{E734B6A6-C66A-BB94-8EFE-145501ADC72F}.Release|Any CPU.Build.0 = Release|Any CPU
		{2BB44DAF-E4A3-1DCD-1912-6FCF1528F60D}.Debug|Any CPU.ActiveCfg = Debug|Any CPU
		{2BB44DAF-E4A3-1DCD-1912-6FCF1528F60D}.Debug|Any CPU.Build.0 = Debug|Any CPU
		{2BB44DAF-E4A3-1DCD-1912-6FCF1528F60D}.Release|Any CPU.ActiveCfg = Release|Any CPU
		{2BB44DAF-E4A3-1DCD-1912-6FCF1528F60D}.Release|Any CPU.Build.0 = Release|Any CPU
		{47A424A5-A42F-E12F-B730-D90A5767A352}.Debug|Any CPU.ActiveCfg = Debug|Any CPU
		{47A424A5-A42F-E12F-B730-D90A5767A352}.Debug|Any CPU.Build.0 = Debug|Any CPU
		{47A424A5-A42F-E12F-B730-D90A5767A352}.Release|Any CPU.ActiveCfg = Release|Any CPU
		{47A424A5-A42F-E12F-B730-D90A5767A352}.Release|Any CPU.Build.0 = Release|Any CPU
		{0059993E-0192-45F3-91A6-0CB895A84EF0}.Debug|Any CPU.ActiveCfg = Debug|Any CPU
		{0059993E-0192-45F3-91A6-0CB895A84EF0}.Debug|Any CPU.Build.0 = Debug|Any CPU
		{0059993E-0192-45F3-91A6-0CB895A84EF0}.Release|Any CPU.ActiveCfg = Release|Any CPU
		{0059993E-0192-45F3-91A6-0CB895A84EF0}.Release|Any CPU.Build.0 = Release|Any CPU
		{7B7423FA-4180-AE67-367C-D06F3A35B031}.Debug|Any CPU.ActiveCfg = Debug|Any CPU
		{7B7423FA-4180-AE67-367C-D06F3A35B031}.Debug|Any CPU.Build.0 = Debug|Any CPU
		{7B7423FA-4180-AE67-367C-D06F3A35B031}.Release|Any CPU.ActiveCfg = Release|Any CPU
		{7B7423FA-4180-AE67-367C-D06F3A35B031}.Release|Any CPU.Build.0 = Release|Any CPU
		{53473CF4-6875-9066-5932-BAAFBD54DCE4}.Debug|Any CPU.ActiveCfg = Debug|Any CPU
		{53473CF4-6875-9066-5932-BAAFBD54DCE4}.Debug|Any CPU.Build.0 = Debug|Any CPU
		{53473CF4-6875-9066-5932-BAAFBD54DCE4}.Release|Any CPU.ActiveCfg = Release|Any CPU
		{53473CF4-6875-9066-5932-BAAFBD54DCE4}.Release|Any CPU.Build.0 = Release|Any CPU
		{A8CA8C4B-B679-1D29-4AEE-515EEC4EC716}.Debug|Any CPU.ActiveCfg = Debug|Any CPU
		{A8CA8C4B-B679-1D29-4AEE-515EEC4EC716}.Debug|Any CPU.Build.0 = Debug|Any CPU
		{A8CA8C4B-B679-1D29-4AEE-515EEC4EC716}.Release|Any CPU.ActiveCfg = Release|Any CPU
		{A8CA8C4B-B679-1D29-4AEE-515EEC4EC716}.Release|Any CPU.Build.0 = Release|Any CPU
		{1AC12E6E-5689-EC71-CF66-72B11B8A51D4}.Debug|Any CPU.ActiveCfg = Debug|Any CPU
		{1AC12E6E-5689-EC71-CF66-72B11B8A51D4}.Debug|Any CPU.Build.0 = Debug|Any CPU
		{1AC12E6E-5689-EC71-CF66-72B11B8A51D4}.Release|Any CPU.ActiveCfg = Release|Any CPU
		{1AC12E6E-5689-EC71-CF66-72B11B8A51D4}.Release|Any CPU.Build.0 = Release|Any CPU
		{94A9BE5E-A443-AE71-B613-FB9D728B2670}.Debug|Any CPU.ActiveCfg = Debug|Any CPU
		{94A9BE5E-A443-AE71-B613-FB9D728B2670}.Debug|Any CPU.Build.0 = Debug|Any CPU
		{94A9BE5E-A443-AE71-B613-FB9D728B2670}.Release|Any CPU.ActiveCfg = Release|Any CPU
		{94A9BE5E-A443-AE71-B613-FB9D728B2670}.Release|Any CPU.Build.0 = Release|Any CPU
		{B134F00E-52AB-8666-4765-8B67021D7193}.Debug|Any CPU.ActiveCfg = Debug|Any CPU
		{B134F00E-52AB-8666-4765-8B67021D7193}.Debug|Any CPU.Build.0 = Debug|Any CPU
		{B134F00E-52AB-8666-4765-8B67021D7193}.Release|Any CPU.ActiveCfg = Release|Any CPU
		{B134F00E-52AB-8666-4765-8B67021D7193}.Release|Any CPU.Build.0 = Release|Any CPU
		{4821F863-9061-581D-0895-78110F517D90}.Debug|Any CPU.ActiveCfg = Debug|Any CPU
		{4821F863-9061-581D-0895-78110F517D90}.Debug|Any CPU.Build.0 = Debug|Any CPU
		{4821F863-9061-581D-0895-78110F517D90}.Release|Any CPU.ActiveCfg = Release|Any CPU
		{4821F863-9061-581D-0895-78110F517D90}.Release|Any CPU.Build.0 = Release|Any CPU
		{D8CFEA75-DCEB-3F12-B00A-C12A4714B810}.Debug|Any CPU.ActiveCfg = Debug|Any CPU
		{D8CFEA75-DCEB-3F12-B00A-C12A4714B810}.Debug|Any CPU.Build.0 = Debug|Any CPU
		{D8CFEA75-DCEB-3F12-B00A-C12A4714B810}.Release|Any CPU.ActiveCfg = Release|Any CPU
		{D8CFEA75-DCEB-3F12-B00A-C12A4714B810}.Release|Any CPU.Build.0 = Release|Any CPU
		{1868CB15-9546-EF05-39FF-30B952E96CAC}.Debug|Any CPU.ActiveCfg = Debug|Any CPU
		{1868CB15-9546-EF05-39FF-30B952E96CAC}.Debug|Any CPU.Build.0 = Debug|Any CPU
		{1868CB15-9546-EF05-39FF-30B952E96CAC}.Release|Any CPU.ActiveCfg = Release|Any CPU
		{1868CB15-9546-EF05-39FF-30B952E96CAC}.Release|Any CPU.Build.0 = Release|Any CPU
		{9633E30D-AF34-B130-9614-32A26F48B44D}.Debug|Any CPU.ActiveCfg = Debug|Any CPU
		{9633E30D-AF34-B130-9614-32A26F48B44D}.Debug|Any CPU.Build.0 = Debug|Any CPU
		{9633E30D-AF34-B130-9614-32A26F48B44D}.Release|Any CPU.ActiveCfg = Release|Any CPU
		{9633E30D-AF34-B130-9614-32A26F48B44D}.Release|Any CPU.Build.0 = Release|Any CPU
		{D2121C3C-9BDF-9F31-52DE-D7B239008574}.Debug|Any CPU.ActiveCfg = Debug|Any CPU
		{D2121C3C-9BDF-9F31-52DE-D7B239008574}.Debug|Any CPU.Build.0 = Debug|Any CPU
		{D2121C3C-9BDF-9F31-52DE-D7B239008574}.Release|Any CPU.ActiveCfg = Release|Any CPU
		{D2121C3C-9BDF-9F31-52DE-D7B239008574}.Release|Any CPU.Build.0 = Release|Any CPU
	EndGlobalSection
	GlobalSection(SolutionProperties) = preSolution
		HideSolutionNode = FALSE
	EndGlobalSection
EndGlobal
